// !$*UTF8*$!
{
	archiveVersion = 1;
	classes = {
	};
	objectVersion = 50;
	objects = {

/* Begin PBXBuildFile section */
		1B5C9C0220ABC5EA00469DB3 /* AppDelegate.swift in Sources */ = {isa = PBXBuildFile; fileRef = 1B5C9C0120ABC5EA00469DB3 /* AppDelegate.swift */; };
		1B5C9C0420ABC5EA00469DB3 /* ViewController.swift in Sources */ = {isa = PBXBuildFile; fileRef = 1B5C9C0320ABC5EA00469DB3 /* ViewController.swift */; };
		1B5C9C0720ABC5EA00469DB3 /* Main.storyboard in Resources */ = {isa = PBXBuildFile; fileRef = 1B5C9C0520ABC5EA00469DB3 /* Main.storyboard */; };
		1B5C9C0920ABC5EB00469DB3 /* Assets.xcassets in Resources */ = {isa = PBXBuildFile; fileRef = 1B5C9C0820ABC5EB00469DB3 /* Assets.xcassets */; };
		1B5C9C0C20ABC5EB00469DB3 /* LaunchScreen.storyboard in Resources */ = {isa = PBXBuildFile; fileRef = 1B5C9C0A20ABC5EB00469DB3 /* LaunchScreen.storyboard */; };
		1B5C9C3220ABC9C900469DB3 /* HDFullScreenPopGesture.swift in Sources */ = {isa = PBXBuildFile; fileRef = 1B5C9C3120ABC9C900469DB3 /* HDFullScreenPopGesture.swift */; };
/* End PBXBuildFile section */

/* Begin PBXContainerItemProxy section */
		1B5C9C1320ABC5EB00469DB3 /* PBXContainerItemProxy */ = {
			isa = PBXContainerItemProxy;
			containerPortal = 1B5C9BF620ABC5EA00469DB3 /* Project object */;
			proxyType = 1;
			remoteGlobalIDString = 1B5C9BFD20ABC5EA00469DB3;
			remoteInfo = HDFullScreenPopGestureSwift;
		};
		1B5C9C1E20ABC5EB00469DB3 /* PBXContainerItemProxy */ = {
			isa = PBXContainerItemProxy;
			containerPortal = 1B5C9BF620ABC5EA00469DB3 /* Project object */;
			proxyType = 1;
			remoteGlobalIDString = 1B5C9BFD20ABC5EA00469DB3;
			remoteInfo = HDFullScreenPopGestureSwift;
		};
/* End PBXContainerItemProxy section */

/* Begin PBXFileReference section */
		1B5C9BFE20ABC5EA00469DB3 /* HDFullScreenPopGestureSwift.app */ = {isa = PBXFileReference; explicitFileType = wrapper.application; includeInIndex = 0; path = HDFullScreenPopGestureSwift.app; sourceTree = BUILT_PRODUCTS_DIR; };
		1B5C9C0120ABC5EA00469DB3 /* AppDelegate.swift */ = {isa = PBXFileReference; lastKnownFileType = sourcecode.swift; path = AppDelegate.swift; sourceTree = "<group>"; };
		1B5C9C0320ABC5EA00469DB3 /* ViewController.swift */ = {isa = PBXFileReference; lastKnownFileType = sourcecode.swift; path = ViewController.swift; sourceTree = "<group>"; };
		1B5C9C0620ABC5EA00469DB3 /* Base */ = {isa = PBXFileReference; lastKnownFileType = file.storyboard; name = Base; path = Base.lproj/Main.storyboard; sourceTree = "<group>"; };
		1B5C9C0820ABC5EB00469DB3 /* Assets.xcassets */ = {isa = PBXFileReference; lastKnownFileType = folder.assetcatalog; path = Assets.xcassets; sourceTree = "<group>"; };
		1B5C9C0B20ABC5EB00469DB3 /* Base */ = {isa = PBXFileReference; lastKnownFileType = file.storyboard; name = Base; path = Base.lproj/LaunchScreen.storyboard; sourceTree = "<group>"; };
		1B5C9C0D20ABC5EB00469DB3 /* Info.plist */ = {isa = PBXFileReference; lastKnownFileType = text.plist.xml; path = Info.plist; sourceTree = "<group>"; };
		1B5C9C1220ABC5EB00469DB3 /* HDFullScreenPopGestureSwiftTests.xctest */ = {isa = PBXFileReference; explicitFileType = wrapper.cfbundle; includeInIndex = 0; path = HDFullScreenPopGestureSwiftTests.xctest; sourceTree = BUILT_PRODUCTS_DIR; };
		1B5C9C1D20ABC5EB00469DB3 /* HDFullScreenPopGestureSwiftUITests.xctest */ = {isa = PBXFileReference; explicitFileType = wrapper.cfbundle; includeInIndex = 0; path = HDFullScreenPopGestureSwiftUITests.xctest; sourceTree = BUILT_PRODUCTS_DIR; };
		1B5C9C3120ABC9C900469DB3 /* HDFullScreenPopGesture.swift */ = {isa = PBXFileReference; lastKnownFileType = sourcecode.swift; path = HDFullScreenPopGesture.swift; sourceTree = "<group>"; };
/* End PBXFileReference section */

/* Begin PBXFrameworksBuildPhase section */
		1B5C9BFB20ABC5EA00469DB3 /* Frameworks */ = {
			isa = PBXFrameworksBuildPhase;
			buildActionMask = 2147483647;
			files = (
			);
			runOnlyForDeploymentPostprocessing = 0;
		};
		1B5C9C0F20ABC5EB00469DB3 /* Frameworks */ = {
			isa = PBXFrameworksBuildPhase;
			buildActionMask = 2147483647;
			files = (
			);
			runOnlyForDeploymentPostprocessing = 0;
		};
		1B5C9C1A20ABC5EB00469DB3 /* Frameworks */ = {
			isa = PBXFrameworksBuildPhase;
			buildActionMask = 2147483647;
			files = (
			);
			runOnlyForDeploymentPostprocessing = 0;
		};
/* End PBXFrameworksBuildPhase section */

/* Begin PBXGroup section */
		1B5C9BF520ABC5EA00469DB3 = {
			isa = PBXGroup;
			children = (
				1B5C9C0020ABC5EA00469DB3 /* HDFullScreenPopGestureSwift */,
				1B5C9BFF20ABC5EA00469DB3 /* Products */,
			);
			sourceTree = "<group>";
		};
		1B5C9BFF20ABC5EA00469DB3 /* Products */ = {
			isa = PBXGroup;
			children = (
				1B5C9BFE20ABC5EA00469DB3 /* HDFullScreenPopGestureSwift.app */,
				1B5C9C1220ABC5EB00469DB3 /* HDFullScreenPopGestureSwiftTests.xctest */,
				1B5C9C1D20ABC5EB00469DB3 /* HDFullScreenPopGestureSwiftUITests.xctest */,
			);
			name = Products;
			sourceTree = "<group>";
		};
		1B5C9C0020ABC5EA00469DB3 /* HDFullScreenPopGestureSwift */ = {
			isa = PBXGroup;
			children = (
				1B5C9C0120ABC5EA00469DB3 /* AppDelegate.swift */,
				1B5C9C0320ABC5EA00469DB3 /* ViewController.swift */,
				1B5C9C3120ABC9C900469DB3 /* HDFullScreenPopGesture.swift */,
				1B5C9C0520ABC5EA00469DB3 /* Main.storyboard */,
				1B5C9C0820ABC5EB00469DB3 /* Assets.xcassets */,
				1B5C9C0A20ABC5EB00469DB3 /* LaunchScreen.storyboard */,
				1B5C9C0D20ABC5EB00469DB3 /* Info.plist */,
			);
			path = HDFullScreenPopGestureSwift;
			sourceTree = "<group>";
		};
/* End PBXGroup section */

/* Begin PBXNativeTarget section */
		1B5C9BFD20ABC5EA00469DB3 /* HDFullScreenPopGestureSwift */ = {
			isa = PBXNativeTarget;
			buildConfigurationList = 1B5C9C2620ABC5EB00469DB3 /* Build configuration list for PBXNativeTarget "HDFullScreenPopGestureSwift" */;
			buildPhases = (
				1B5C9BFA20ABC5EA00469DB3 /* Sources */,
				1B5C9BFB20ABC5EA00469DB3 /* Frameworks */,
				1B5C9BFC20ABC5EA00469DB3 /* Resources */,
			);
			buildRules = (
			);
			dependencies = (
			);
			name = HDFullScreenPopGestureSwift;
			productName = HDFullScreenPopGestureSwift;
			productReference = 1B5C9BFE20ABC5EA00469DB3 /* HDFullScreenPopGestureSwift.app */;
			productType = "com.apple.product-type.application";
		};
		1B5C9C1120ABC5EB00469DB3 /* HDFullScreenPopGestureSwiftTests */ = {
			isa = PBXNativeTarget;
			buildConfigurationList = 1B5C9C2920ABC5EB00469DB3 /* Build configuration list for PBXNativeTarget "HDFullScreenPopGestureSwiftTests" */;
			buildPhases = (
				1B5C9C0E20ABC5EB00469DB3 /* Sources */,
				1B5C9C0F20ABC5EB00469DB3 /* Frameworks */,
				1B5C9C1020ABC5EB00469DB3 /* Resources */,
			);
			buildRules = (
			);
			dependencies = (
				1B5C9C1420ABC5EB00469DB3 /* PBXTargetDependency */,
			);
			name = HDFullScreenPopGestureSwiftTests;
			productName = HDFullScreenPopGestureSwiftTests;
			productReference = 1B5C9C1220ABC5EB00469DB3 /* HDFullScreenPopGestureSwiftTests.xctest */;
			productType = "com.apple.product-type.bundle.unit-test";
		};
		1B5C9C1C20ABC5EB00469DB3 /* HDFullScreenPopGestureSwiftUITests */ = {
			isa = PBXNativeTarget;
			buildConfigurationList = 1B5C9C2C20ABC5EB00469DB3 /* Build configuration list for PBXNativeTarget "HDFullScreenPopGestureSwiftUITests" */;
			buildPhases = (
				1B5C9C1920ABC5EB00469DB3 /* Sources */,
				1B5C9C1A20ABC5EB00469DB3 /* Frameworks */,
				1B5C9C1B20ABC5EB00469DB3 /* Resources */,
			);
			buildRules = (
			);
			dependencies = (
				1B5C9C1F20ABC5EB00469DB3 /* PBXTargetDependency */,
			);
			name = HDFullScreenPopGestureSwiftUITests;
			productName = HDFullScreenPopGestureSwiftUITests;
			productReference = 1B5C9C1D20ABC5EB00469DB3 /* HDFullScreenPopGestureSwiftUITests.xctest */;
			productType = "com.apple.product-type.bundle.ui-testing";
		};
/* End PBXNativeTarget section */

/* Begin PBXProject section */
		1B5C9BF620ABC5EA00469DB3 /* Project object */ = {
			isa = PBXProject;
			attributes = {
				LastSwiftUpdateCheck = 0930;
				LastUpgradeCheck = 0930;
				ORGANIZATIONNAME = "HD-XXZQ-iMac";
				TargetAttributes = {
					1B5C9BFD20ABC5EA00469DB3 = {
						CreatedOnToolsVersion = 9.3;
					};
					1B5C9C1120ABC5EB00469DB3 = {
						CreatedOnToolsVersion = 9.3;
						TestTargetID = 1B5C9BFD20ABC5EA00469DB3;
					};
					1B5C9C1C20ABC5EB00469DB3 = {
						CreatedOnToolsVersion = 9.3;
						TestTargetID = 1B5C9BFD20ABC5EA00469DB3;
					};
				};
			};
			buildConfigurationList = 1B5C9BF920ABC5EA00469DB3 /* Build configuration list for PBXProject "HDFullScreenPopGestureSwift" */;
			compatibilityVersion = "Xcode 9.3";
			developmentRegion = en;
			hasScannedForEncodings = 0;
			knownRegions = (
				en,
				Base,
			);
			mainGroup = 1B5C9BF520ABC5EA00469DB3;
			productRefGroup = 1B5C9BFF20ABC5EA00469DB3 /* Products */;
			projectDirPath = "";
			projectRoot = "";
			targets = (
				1B5C9BFD20ABC5EA00469DB3 /* HDFullScreenPopGestureSwift */,
				1B5C9C1120ABC5EB00469DB3 /* HDFullScreenPopGestureSwiftTests */,
				1B5C9C1C20ABC5EB00469DB3 /* HDFullScreenPopGestureSwiftUITests */,
			);
		};
/* End PBXProject section */

/* Begin PBXResourcesBuildPhase section */
		1B5C9BFC20ABC5EA00469DB3 /* Resources */ = {
			isa = PBXResourcesBuildPhase;
			buildActionMask = 2147483647;
			files = (
				1B5C9C0C20ABC5EB00469DB3 /* LaunchScreen.storyboard in Resources */,
				1B5C9C0920ABC5EB00469DB3 /* Assets.xcassets in Resources */,
				1B5C9C0720ABC5EA00469DB3 /* Main.storyboard in Resources */,
			);
			runOnlyForDeploymentPostprocessing = 0;
		};
		1B5C9C1020ABC5EB00469DB3 /* Resources */ = {
			isa = PBXResourcesBuildPhase;
			buildActionMask = 2147483647;
			files = (
			);
			runOnlyForDeploymentPostprocessing = 0;
		};
		1B5C9C1B20ABC5EB00469DB3 /* Resources */ = {
			isa = PBXResourcesBuildPhase;
			buildActionMask = 2147483647;
			files = (
			);
			runOnlyForDeploymentPostprocessing = 0;
		};
/* End PBXResourcesBuildPhase section */

/* Begin PBXSourcesBuildPhase section */
		1B5C9BFA20ABC5EA00469DB3 /* Sources */ = {
			isa = PBXSourcesBuildPhase;
			buildActionMask = 2147483647;
			files = (
				1B5C9C3220ABC9C900469DB3 /* HDFullScreenPopGesture.swift in Sources */,
				1B5C9C0420ABC5EA00469DB3 /* ViewController.swift in Sources */,
				1B5C9C0220ABC5EA00469DB3 /* AppDelegate.swift in Sources */,
			);
			runOnlyForDeploymentPostprocessing = 0;
		};
		1B5C9C0E20ABC5EB00469DB3 /* Sources */ = {
			isa = PBXSourcesBuildPhase;
			buildActionMask = 2147483647;
			files = (
			);
			runOnlyForDeploymentPostprocessing = 0;
		};
		1B5C9C1920ABC5EB00469DB3 /* Sources */ = {
			isa = PBXSourcesBuildPhase;
			buildActionMask = 2147483647;
			files = (
			);
			runOnlyForDeploymentPostprocessing = 0;
		};
/* End PBXSourcesBuildPhase section */

/* Begin PBXTargetDependency section */
		1B5C9C1420ABC5EB00469DB3 /* PBXTargetDependency */ = {
			isa = PBXTargetDependency;
			target = 1B5C9BFD20ABC5EA00469DB3 /* HDFullScreenPopGestureSwift */;
			targetProxy = 1B5C9C1320ABC5EB00469DB3 /* PBXContainerItemProxy */;
		};
		1B5C9C1F20ABC5EB00469DB3 /* PBXTargetDependency */ = {
			isa = PBXTargetDependency;
			target = 1B5C9BFD20ABC5EA00469DB3 /* HDFullScreenPopGestureSwift */;
			targetProxy = 1B5C9C1E20ABC5EB00469DB3 /* PBXContainerItemProxy */;
		};
/* End PBXTargetDependency section */

/* Begin PBXVariantGroup section */
		1B5C9C0520ABC5EA00469DB3 /* Main.storyboard */ = {
			isa = PBXVariantGroup;
			children = (
				1B5C9C0620ABC5EA00469DB3 /* Base */,
			);
			name = Main.storyboard;
			sourceTree = "<group>";
		};
		1B5C9C0A20ABC5EB00469DB3 /* LaunchScreen.storyboard */ = {
			isa = PBXVariantGroup;
			children = (
				1B5C9C0B20ABC5EB00469DB3 /* Base */,
			);
			name = LaunchScreen.storyboard;
			sourceTree = "<group>";
		};
/* End PBXVariantGroup section */

/* Begin XCBuildConfiguration section */
		1B5C9C2420ABC5EB00469DB3 /* Debug */ = {
			isa = XCBuildConfiguration;
			buildSettings = {
				ALWAYS_SEARCH_USER_PATHS = NO;
				CLANG_ANALYZER_NONNULL = YES;
				CLANG_ANALYZER_NUMBER_OBJECT_CONVERSION = YES_AGGRESSIVE;
				CLANG_CXX_LANGUAGE_STANDARD = "gnu++14";
				CLANG_CXX_LIBRARY = "libc++";
				CLANG_ENABLE_MODULES = YES;
				CLANG_ENABLE_OBJC_ARC = YES;
				CLANG_ENABLE_OBJC_WEAK = YES;
				CLANG_WARN_BLOCK_CAPTURE_AUTORELEASING = YES;
				CLANG_WARN_BOOL_CONVERSION = YES;
				CLANG_WARN_COMMA = YES;
				CLANG_WARN_CONSTANT_CONVERSION = YES;
				CLANG_WARN_DEPRECATED_OBJC_IMPLEMENTATIONS = YES;
				CLANG_WARN_DIRECT_OBJC_ISA_USAGE = YES_ERROR;
				CLANG_WARN_DOCUMENTATION_COMMENTS = YES;
				CLANG_WARN_EMPTY_BODY = YES;
				CLANG_WARN_ENUM_CONVERSION = YES;
				CLANG_WARN_INFINITE_RECURSION = YES;
				CLANG_WARN_INT_CONVERSION = YES;
				CLANG_WARN_NON_LITERAL_NULL_CONVERSION = YES;
				CLANG_WARN_OBJC_IMPLICIT_RETAIN_SELF = YES;
				CLANG_WARN_OBJC_LITERAL_CONVERSION = YES;
				CLANG_WARN_OBJC_ROOT_CLASS = YES_ERROR;
				CLANG_WARN_RANGE_LOOP_ANALYSIS = YES;
				CLANG_WARN_STRICT_PROTOTYPES = YES;
				CLANG_WARN_SUSPICIOUS_MOVE = YES;
				CLANG_WARN_UNGUARDED_AVAILABILITY = YES_AGGRESSIVE;
				CLANG_WARN_UNREACHABLE_CODE = YES;
				CLANG_WARN__DUPLICATE_METHOD_MATCH = YES;
				CODE_SIGN_IDENTITY = "iPhone Developer";
				COPY_PHASE_STRIP = NO;
				DEBUG_INFORMATION_FORMAT = dwarf;
				ENABLE_STRICT_OBJC_MSGSEND = YES;
				ENABLE_TESTABILITY = YES;
				GCC_C_LANGUAGE_STANDARD = gnu11;
				GCC_DYNAMIC_NO_PIC = NO;
				GCC_NO_COMMON_BLOCKS = YES;
				GCC_OPTIMIZATION_LEVEL = 0;
				GCC_PREPROCESSOR_DEFINITIONS = (
					"DEBUG=1",
					"$(inherited)",
				);
				GCC_WARN_64_TO_32_BIT_CONVERSION = YES;
				GCC_WARN_ABOUT_RETURN_TYPE = YES_ERROR;
				GCC_WARN_UNDECLARED_SELECTOR = YES;
				GCC_WARN_UNINITIALIZED_AUTOS = YES_AGGRESSIVE;
				GCC_WARN_UNUSED_FUNCTION = YES;
				GCC_WARN_UNUSED_VARIABLE = YES;
				IPHONEOS_DEPLOYMENT_TARGET = 11.3;
				MTL_ENABLE_DEBUG_INFO = YES;
				ONLY_ACTIVE_ARCH = YES;
				SDKROOT = iphoneos;
				SWIFT_ACTIVE_COMPILATION_CONDITIONS = DEBUG;
				SWIFT_OPTIMIZATION_LEVEL = "-Onone";
			};
			name = Debug;
		};
		1B5C9C2520ABC5EB00469DB3 /* Release */ = {
			isa = XCBuildConfiguration;
			buildSettings = {
				ALWAYS_SEARCH_USER_PATHS = NO;
				CLANG_ANALYZER_NONNULL = YES;
				CLANG_ANALYZER_NUMBER_OBJECT_CONVERSION = YES_AGGRESSIVE;
				CLANG_CXX_LANGUAGE_STANDARD = "gnu++14";
				CLANG_CXX_LIBRARY = "libc++";
				CLANG_ENABLE_MODULES = YES;
				CLANG_ENABLE_OBJC_ARC = YES;
				CLANG_ENABLE_OBJC_WEAK = YES;
				CLANG_WARN_BLOCK_CAPTURE_AUTORELEASING = YES;
				CLANG_WARN_BOOL_CONVERSION = YES;
				CLANG_WARN_COMMA = YES;
				CLANG_WARN_CONSTANT_CONVERSION = YES;
				CLANG_WARN_DEPRECATED_OBJC_IMPLEMENTATIONS = YES;
				CLANG_WARN_DIRECT_OBJC_ISA_USAGE = YES_ERROR;
				CLANG_WARN_DOCUMENTATION_COMMENTS = YES;
				CLANG_WARN_EMPTY_BODY = YES;
				CLANG_WARN_ENUM_CONVERSION = YES;
				CLANG_WARN_INFINITE_RECURSION = YES;
				CLANG_WARN_INT_CONVERSION = YES;
				CLANG_WARN_NON_LITERAL_NULL_CONVERSION = YES;
				CLANG_WARN_OBJC_IMPLICIT_RETAIN_SELF = YES;
				CLANG_WARN_OBJC_LITERAL_CONVERSION = YES;
				CLANG_WARN_OBJC_ROOT_CLASS = YES_ERROR;
				CLANG_WARN_RANGE_LOOP_ANALYSIS = YES;
				CLANG_WARN_STRICT_PROTOTYPES = YES;
				CLANG_WARN_SUSPICIOUS_MOVE = YES;
				CLANG_WARN_UNGUARDED_AVAILABILITY = YES_AGGRESSIVE;
				CLANG_WARN_UNREACHABLE_CODE = YES;
				CLANG_WARN__DUPLICATE_METHOD_MATCH = YES;
				CODE_SIGN_IDENTITY = "iPhone Developer";
				COPY_PHASE_STRIP = NO;
				DEBUG_INFORMATION_FORMAT = "dwarf-with-dsym";
				ENABLE_NS_ASSERTIONS = NO;
				ENABLE_STRICT_OBJC_MSGSEND = YES;
				GCC_C_LANGUAGE_STANDARD = gnu11;
				GCC_NO_COMMON_BLOCKS = YES;
				GCC_WARN_64_TO_32_BIT_CONVERSION = YES;
				GCC_WARN_ABOUT_RETURN_TYPE = YES_ERROR;
				GCC_WARN_UNDECLARED_SELECTOR = YES;
				GCC_WARN_UNINITIALIZED_AUTOS = YES_AGGRESSIVE;
				GCC_WARN_UNUSED_FUNCTION = YES;
				GCC_WARN_UNUSED_VARIABLE = YES;
				IPHONEOS_DEPLOYMENT_TARGET = 11.3;
				MTL_ENABLE_DEBUG_INFO = NO;
				SDKROOT = iphoneos;
				SWIFT_COMPILATION_MODE = wholemodule;
				SWIFT_OPTIMIZATION_LEVEL = "-O";
				VALIDATE_PRODUCT = YES;
			};
			name = Release;
		};
		1B5C9C2720ABC5EB00469DB3 /* Debug */ = {
			isa = XCBuildConfiguration;
			buildSettings = {
				ASSETCATALOG_COMPILER_APPICON_NAME = AppIcon;
				CODE_SIGN_STYLE = Automatic;
				DEVELOPMENT_TEAM = VU2Q8T3ABN;
				INFOPLIST_FILE = HDFullScreenPopGestureSwift/Info.plist;
				LD_RUNPATH_SEARCH_PATHS = (
					"$(inherited)",
					"@executable_path/Frameworks",
				);
				PRODUCT_BUNDLE_IDENTIFIER = ZQ.HDFullScreenPopGestureSwift;
				PRODUCT_NAME = "$(TARGET_NAME)";
				SWIFT_VERSION = 4.0;
				TARGETED_DEVICE_FAMILY = "1,2";
			};
			name = Debug;
		};
		1B5C9C2820ABC5EB00469DB3 /* Release */ = {
			isa = XCBuildConfiguration;
			buildSettings = {
				ASSETCATALOG_COMPILER_APPICON_NAME = AppIcon;
				CODE_SIGN_STYLE = Automatic;
				DEVELOPMENT_TEAM = VU2Q8T3ABN;
				INFOPLIST_FILE = HDFullScreenPopGestureSwift/Info.plist;
				LD_RUNPATH_SEARCH_PATHS = (
					"$(inherited)",
					"@executable_path/Frameworks",
				);
				PRODUCT_BUNDLE_IDENTIFIER = ZQ.HDFullScreenPopGestureSwift;
				PRODUCT_NAME = "$(TARGET_NAME)";
				SWIFT_VERSION = 4.0;
				TARGETED_DEVICE_FAMILY = "1,2";
			};
			name = Release;
		};
		1B5C9C2A20ABC5EB00469DB3 /* Debug */ = {
			isa = XCBuildConfiguration;
			buildSettings = {
				ALWAYS_EMBED_SWIFT_STANDARD_LIBRARIES = YES;
				BUNDLE_LOADER = "$(TEST_HOST)";
				CODE_SIGN_STYLE = Automatic;
				DEVELOPMENT_TEAM = VU2Q8T3ABN;
				INFOPLIST_FILE = HDFullScreenPopGestureSwiftTests/Info.plist;
				LD_RUNPATH_SEARCH_PATHS = (
					"$(inherited)",
					"@executable_path/Frameworks",
					"@loader_path/Frameworks",
				);
				PRODUCT_BUNDLE_IDENTIFIER = ZQ.HDFullScreenPopGestureSwiftTests;
				PRODUCT_NAME = "$(TARGET_NAME)";
				SWIFT_VERSION = 4.0;
				TARGETED_DEVICE_FAMILY = "1,2";
				TEST_HOST = "$(BUILT_PRODUCTS_DIR)/HDFullScreenPopGestureSwift.app/HDFullScreenPopGestureSwift";
			};
			name = Debug;
		};
		1B5C9C2B20ABC5EB00469DB3 /* Release */ = {
			isa = XCBuildConfiguration;
			buildSettings = {
				ALWAYS_EMBED_SWIFT_STANDARD_LIBRARIES = YES;
				BUNDLE_LOADER = "$(TEST_HOST)";
				CODE_SIGN_STYLE = Automatic;
				DEVELOPMENT_TEAM = VU2Q8T3ABN;
				INFOPLIST_FILE = HDFullScreenPopGestureSwiftTests/Info.plist;
				LD_RUNPATH_SEARCH_PATHS = (
					"$(inherited)",
					"@executable_path/Frameworks",
					"@loader_path/Frameworks",
				);
				PRODUCT_BUNDLE_IDENTIFIER = ZQ.HDFullScreenPopGestureSwiftTests;
				PRODUCT_NAME = "$(TARGET_NAME)";
				SWIFT_VERSION = 4.0;
				TARGETED_DEVICE_FAMILY = "1,2";
				TEST_HOST = "$(BUILT_PRODUCTS_DIR)/HDFullScreenPopGestureSwift.app/HDFullScreenPopGestureSwift";
			};
			name = Release;
		};
		1B5C9C2D20ABC5EB00469DB3 /* Debug */ = {
			isa = XCBuildConfiguration;
			buildSettings = {
				ALWAYS_EMBED_SWIFT_STANDARD_LIBRARIES = YES;
				CODE_SIGN_STYLE = Automatic;
				DEVELOPMENT_TEAM = VU2Q8T3ABN;
				INFOPLIST_FILE = HDFullScreenPopGestureSwiftUITests/Info.plist;
				LD_RUNPATH_SEARCH_PATHS = (
					"$(inherited)",
					"@executable_path/Frameworks",
					"@loader_path/Frameworks",
				);
				PRODUCT_BUNDLE_IDENTIFIER = ZQ.HDFullScreenPopGestureSwiftUITests;
				PRODUCT_NAME = "$(TARGET_NAME)";
				SWIFT_VERSION = 4.0;
				TARGETED_DEVICE_FAMILY = "1,2";
				TEST_TARGET_NAME = HDFullScreenPopGestureSwift;
			};
			name = Debug;
		};
		1B5C9C2E20ABC5EB00469DB3 /* Release */ = {
			isa = XCBuildConfiguration;
			buildSettings = {
				ALWAYS_EMBED_SWIFT_STANDARD_LIBRARIES = YES;
				CODE_SIGN_STYLE = Automatic;
				DEVELOPMENT_TEAM = VU2Q8T3ABN;
				INFOPLIST_FILE = HDFullScreenPopGestureSwiftUITests/Info.plist;
				LD_RUNPATH_SEARCH_PATHS = (
					"$(inherited)",
					"@executable_path/Frameworks",
					"@loader_path/Frameworks",
				);
				PRODUCT_BUNDLE_IDENTIFIER = ZQ.HDFullScreenPopGestureSwiftUITests;
				PRODUCT_NAME = "$(TARGET_NAME)";
				SWIFT_VERSION = 4.0;
				TARGETED_DEVICE_FAMILY = "1,2";
				TEST_TARGET_NAME = HDFullScreenPopGestureSwift;
			};
			name = Release;
		};
/* End XCBuildConfiguration section */

/* Begin XCConfigurationList section */
		1B5C9BF920ABC5EA00469DB3 /* Build configuration list for PBXProject "HDFullScreenPopGestureSwift" */ = {
			isa = XCConfigurationList;
			buildConfigurations = (
				1B5C9C2420ABC5EB00469DB3 /* Debug */,
				1B5C9C2520ABC5EB00469DB3 /* Release */,
			);
			defaultConfigurationIsVisible = 0;
			defaultConfigurationName = Release;
		};
		1B5C9C2620ABC5EB00469DB3 /* Build configuration list for PBXNativeTarget "HDFullScreenPopGestureSwift" */ = {
			isa = XCConfigurationList;
			buildConfigurations = (
				1B5C9C2720ABC5EB00469DB3 /* Debug */,
				1B5C9C2820ABC5EB00469DB3 /* Release */,
			);
			defaultConfigurationIsVisible = 0;
			defaultConfigurationName = Release;
		};
		1B5C9C2920ABC5EB00469DB3 /* Build configuration list for PBXNativeTarget "HDFullScreenPopGestureSwiftTests" */ = {
			isa = XCConfigurationList;
			buildConfigurations = (
				1B5C9C2A20ABC5EB00469DB3 /* Debug */,
				1B5C9C2B20ABC5EB00469DB3 /* Release */,
			);
			defaultConfigurationIsVisible = 0;
			defaultConfigurationName = Release;
		};
		1B5C9C2C20ABC5EB00469DB3 /* Build configuration list for PBXNativeTarget "HDFullScreenPopGestureSwiftUITests" */ = {
			isa = XCConfigurationList;
			buildConfigurations = (
				1B5C9C2D20ABC5EB00469DB3 /* Debug */,
				1B5C9C2E20ABC5EB00469DB3 /* Release */,
			);
			defaultConfigurationIsVisible = 0;
			defaultConfigurationName = Release;
		};
/* End XCConfigurationList section */
	};
	rootObject = 1B5C9BF620ABC5EA00469DB3 /* Project object */;
}
